# This file is automatically @generated by Cargo.
# It is not intended for manual editing.
[[package]]
name = "base64"
version = "0.12.1"
source = "registry+https://github.com/rust-lang/crates.io-index"
checksum = "53d1ccbaf7d9ec9537465a97bf19edc1a4e158ecb49fc16178202238c569cc42"

[[package]]
name = "hermit-abi"
version = "0.1.13"
source = "registry+https://github.com/rust-lang/crates.io-index"
checksum = "91780f809e750b0a89f5544be56617ff6b1227ee485bcb06ebe10cdf89bd3b71"
dependencies = [
 "libc",
]

[[package]]
name = "libc"
version = "0.2.71"
source = "registry+https://github.com/rust-lang/crates.io-index"
checksum = "9457b06509d27052635f90d6466700c65095fdf75409b3fbdd903e988b886f49"

[[package]]
name = "logReportServer"
version = "0.1.0"
dependencies = [
 "base64",
 "threadpool",
 "whoami",
]

[[package]]
name = "num_cpus"
version = "1.13.0"
source = "registry+https://github.com/rust-lang/crates.io-index"
checksum = "05499f3756671c15885fee9034446956fff3f243d6077b91e5767df161f766b3"
dependencies = [
 "hermit-abi",
 "libc",
]

[[package]]
name = "threadpool"
version = "1.8.1"
source = "registry+https://github.com/rust-lang/crates.io-index"
checksum = "d050e60b33d41c19108b32cea32164033a9013fe3b46cbd4457559bfbf77afaa"
dependencies = [
 "num_cpus",
]

[[package]]
name = "whoami"
version = "0.8.2"
source = "registry+https://github.com/rust-lang/crates.io-index"
checksum = "18bb55566f6f3f8440914233cf63df1eb60b801b5007d376cc46212cb8a9287c"
